// !$*UTF8*$!
{
	archiveVersion = 1;
	classes = {
	};
	objectVersion = 46;
	objects = {

/* Begin PBXBuildFile section */
		4E44D43E1E4956CF006E31F8 /* AppDelegate.swift in Sources */ = {isa = PBXBuildFile; fileRef = 4E44D43D1E4956CF006E31F8 /* AppDelegate.swift */; };
		4E44D4401E4956CF006E31F8 /* ViewController.swift in Sources */ = {isa = PBXBuildFile; fileRef = 4E44D43F1E4956CF006E31F8 /* ViewController.swift */; };
		4E44D4431E4956CF006E31F8 /* Main.storyboard in Resources */ = {isa = PBXBuildFile; fileRef = 4E44D4411E4956CF006E31F8 /* Main.storyboard */; };
		4E44D4451E4956CF006E31F8 /* Assets.xcassets in Resources */ = {isa = PBXBuildFile; fileRef = 4E44D4441E4956CF006E31F8 /* Assets.xcassets */; };
		4E44D4481E4956CF006E31F8 /* LaunchScreen.storyboard in Resources */ = {isa = PBXBuildFile; fileRef = 4E44D4461E4956CF006E31F8 /* LaunchScreen.storyboard */; };
		4E44D4501E4960E8006E31F8 /* spiderman.mp4 in Resources */ = {isa = PBXBuildFile; fileRef = 4E44D44F1E495F7E006E31F8 /* spiderman.mp4 */; };
/* End PBXBuildFile section */

/* Begin PBXFileReference section */
		4E44D43A1E4956CF006E31F8 /* ProjectLogin.app */ = {isa = PBXFileReference; explicitFileType = wrapper.application; includeInIndex = 0; path = ProjectLogin.app; sourceTree = BUILT_PRODUCTS_DIR; };
		4E44D43D1E4956CF006E31F8 /* AppDelegate.swift */ = {isa = PBXFileReference; lastKnownFileType = sourcecode.swift; path = AppDelegate.swift; sourceTree = "<group>"; };
		4E44D43F1E4956CF006E31F8 /* ViewController.swift */ = {isa = PBXFileReference; lastKnownFileType = sourcecode.swift; path = ViewController.swift; sourceTree = "<group>"; };
		4E44D4421E4956CF006E31F8 /* Base */ = {isa = PBXFileReference; lastKnownFileType = file.storyboard; name = Base; path = Base.lproj/Main.storyboard; sourceTree = "<group>"; };
		4E44D4441E4956CF006E31F8 /* Assets.xcassets */ = {isa = PBXFileReference; lastKnownFileType = folder.assetcatalog; path = Assets.xcassets; sourceTree = "<group>"; };
		4E44D4471E4956CF006E31F8 /* Base */ = {isa = PBXFileReference; lastKnownFileType = file.storyboard; name = Base; path = Base.lproj/LaunchScreen.storyboard; sourceTree = "<group>"; };
		4E44D4491E4956CF006E31F8 /* Info.plist */ = {isa = PBXFileReference; lastKnownFileType = text.plist.xml; path = Info.plist; sourceTree = "<group>"; };
		4E44D44F1E495F7E006E31F8 /* spiderman.mp4 */ = {isa = PBXFileReference; lastKnownFileType = file; path = spiderman.mp4; sourceTree = "<group>"; };
/* End PBXFileReference section */

/* Begin PBXFrameworksBuildPhase section */
		4E44D4371E4956CF006E31F8 /* Frameworks */ = {
			isa = PBXFrameworksBuildPhase;
			buildActionMask = 2147483647;
			files = (
			);
			runOnlyForDeploymentPostprocessing = 0;
		};
/* End PBXFrameworksBuildPhase section */

/* Begin PBXGroup section */
		4E44D4311E4956CF006E31F8 = {
			isa = PBXGroup;
			children = (
				4E44D43C1E4956CF006E31F8 /* ProjectLogin */,
				4E44D43B1E4956CF006E31F8 /* Products */,
			);
			sourceTree = "<group>";
		};
		4E44D43B1E4956CF006E31F8 /* Products */ = {
			isa = PBXGroup;
			children = (
				4E44D43A1E4956CF006E31F8 /* ProjectLogin.app */,
			);
			name = Products;
			sourceTree = "<group>";
		};
		4E44D43C1E4956CF006E31F8 /* ProjectLogin */ = {
			isa = PBXGroup;
			children = (
				4E44D43D1E4956CF006E31F8 /* AppDelegate.swift */,
				4E44D44F1E495F7E006E31F8 /* spiderman.mp4 */,
				4E44D43F1E4956CF006E31F8 /* ViewController.swift */,
				4E44D4411E4956CF006E31F8 /* Main.storyboard */,
				4E44D4441E4956CF006E31F8 /* Assets.xcassets */,
				4E44D4461E4956CF006E31F8 /* LaunchScreen.storyboard */,
				4E44D4491E4956CF006E31F8 /* Info.plist */,
			);
			path = ProjectLogin;
			sourceTree = "<group>";
		};
/* End PBXGroup section */

/* Begin PBXNativeTarget section */
		4E44D4391E4956CF006E31F8 /* ProjectLogin */ = {
			isa = PBXNativeTarget;
			buildConfigurationList = 4E44D44C1E4956CF006E31F8 /* Build configuration list for PBXNativeTarget "ProjectLogin" */;
			buildPhases = (
				4E44D4361E4956CF006E31F8 /* Sources */,
				4E44D4371E4956CF006E31F8 /* Frameworks */,
				4E44D4381E4956CF006E31F8 /* Resources */,
			);
			buildRules = (
			);
			dependencies = (
			);
			name = ProjectLogin;
			productName = ProjectLogin;
			productReference = 4E44D43A1E4956CF006E31F8 /* ProjectLogin.app */;
			productType = "com.apple.product-type.application";
		};
/* End PBXNativeTarget section */

/* Begin PBXProject section */
		4E44D4321E4956CF006E31F8 /* Project object */ = {
			isa = PBXProject;
			attributes = {
				LastSwiftUpdateCheck = 0820;
				LastUpgradeCheck = 0820;
				ORGANIZATIONNAME = "Trunky Foundation";
				TargetAttributes = {
					4E44D4391E4956CF006E31F8 = {
						CreatedOnToolsVersion = 8.2.1;
						DevelopmentTeam = 4Z8VLFZFRE;
						ProvisioningStyle = Automatic;
					};
				};
			};
			buildConfigurationList = 4E44D4351E4956CF006E31F8 /* Build configuration list for PBXProject "ProjectLogin" */;
			compatibilityVersion = "Xcode 3.2";
			developmentRegion = English;
			hasScannedForEncodings = 0;
			knownRegions = (
				en,
				Base,
			);
			mainGroup = 4E44D4311E4956CF006E31F8;
			productRefGroup = 4E44D43B1E4956CF006E31F8 /* Products */;
			projectDirPath = "";
			projectRoot = "";
			targets = (
				4E44D4391E4956CF006E31F8 /* ProjectLogin */,
			);
		};
/* End PBXProject section */

/* Begin PBXResourcesBuildPhase section */
		4E44D4381E4956CF006E31F8 /* Resources */ = {
			isa = PBXResourcesBuildPhase;
			buildActionMask = 2147483647;
			files = (
				4E44D4501E4960E8006E31F8 /* spiderman.mp4 in Resources */,
				4E44D4481E4956CF006E31F8 /* LaunchScreen.storyboard in Resources */,
				4E44D4451E4956CF006E31F8 /* Assets.xcassets in Resources */,
				4E44D4431E4956CF006E31F8 /* Main.storyboard in Resources */,
			);
			runOnlyForDeploymentPostprocessing = 0;
		};
/* End PBXResourcesBuildPhase section */

/* Begin PBXSourcesBuildPhase section */
		4E44D4361E4956CF006E31F8 /* Sources */ = {
			isa = PBXSourcesBuildPhase;
			buildActionMask = 2147483647;
			files = (
				4E44D4401E4956CF006E31F8 /* ViewController.swift in Sources */,
				4E44D43E1E4956CF006E31F8 /* AppDelegate.swift in Sources */,
			);
			runOnlyForDeploymentPostprocessing = 0;
		};
/* End PBXSourcesBuildPhase section */

/* Begin PBXVariantGroup section */
		4E44D4411E4956CF006E31F8 /* Main.storyboard */ = {
			isa = PBXVariantGroup;
			children = (
				4E44D4421E4956CF006E31F8 /* Base */,
			);
			name = Main.storyboard;
			sourceTree = "<group>";
		};
		4E44D4461E4956CF006E31F8 /* LaunchScreen.storyboard */ = {
			isa = PBXVariantGroup;
			children = (
				4E44D4471E4956CF006E31F8 /* Base */,
			);
			name = LaunchScreen.storyboard;
			sourceTree = "<group>";
		};
/* End PBXVariantGroup section */

/* Begin XCBuildConfiguration section */
		4E44D44A1E4956CF006E31F8 /* Debug */ = {
			isa = XCBuildConfiguration;
			buildSettings = {
				ALWAYS_SEARCH_USER_PATHS = NO;
				CLANG_ANALYZER_NONNULL = YES;
				CLANG_CXX_LANGUAGE_STANDARD = "gnu++0x";
				CLANG_CXX_LIBRARY = "libc++";
				CLANG_ENABLE_MODULES = YES;
				CLANG_ENABLE_OBJC_ARC = YES;
				CLANG_WARN_BOOL_CONVERSION = YES;
				CLANG_WARN_CONSTANT_CONVERSION = YES;
				CLANG_WARN_DIRECT_OBJC_ISA_USAGE = YES_ERROR;
				CLANG_WARN_DOCUMENTATION_COMMENTS = YES;
				CLANG_WARN_EMPTY_BODY = YES;
				CLANG_WARN_ENUM_CONVERSION = YES;
				CLANG_WARN_INFINITE_RECURSION = YES;
				CLANG_WARN_INT_CONVERSION = YES;
				CLANG_WARN_OBJC_ROOT_CLASS = YES_ERROR;
				CLANG_WARN_SUSPICIOUS_MOVE = YES;
				CLANG_WARN_UNREACHABLE_CODE = YES;
				CLANG_WARN__DUPLICATE_METHOD_MATCH = YES;
				"CODE_SIGN_IDENTITY[sdk=iphoneos*]" = "iPhone Developer";
				COPY_PHASE_STRIP = NO;
				DEBUG_INFORMATION_FORMAT = dwarf;
				ENABLE_STRICT_OBJC_MSGSEND = YES;
				ENABLE_TESTABILITY = YES;
				GCC_C_LANGUAGE_STANDARD = gnu99;
				GCC_DYNAMIC_NO_PIC = NO;
				GCC_NO_COMMON_BLOCKS = YES;
				GCC_OPTIMIZATION_LEVEL = 0;
				GCC_PREPROCESSOR_DEFINITIONS = (
					"DEBUG=1",
					"$(inherited)",
				);
				GCC_WARN_64_TO_32_BIT_CONVERSION = YES;
				GCC_WARN_ABOUT_RETURN_TYPE = YES_ERROR;
				GCC_WARN_UNDECLARED_SELECTOR = YES;
				GCC_WARN_UNINITIALIZED_AUTOS = YES_AGGRESSIVE;
				GCC_WARN_UNUSED_FUNCTION = YES;
				GCC_WARN_UNUSED_VARIABLE = YES;
				IPHONEOS_DEPLOYMENT_TARGET = 10.2;
				MTL_ENABLE_DEBUG_INFO = YES;
				ONLY_ACTIVE_ARCH = YES;
				SDKROOT = iphoneos;
				SWIFT_ACTIVE_COMPILATION_CONDITIONS = DEBUG;
				SWIFT_OPTIMIZATION_LEVEL = "-Onone";
			};
			name = Debug;
		};
		4E44D44B1E4956CF006E31F8 /* Release */ = {
			isa = XCBuildConfiguration;
			buildSettings = {
				ALWAYS_SEARCH_USER_PATHS = NO;
				CLANG_ANALYZER_NONNULL = YES;
				CLANG_CXX_LANGUAGE_STANDARD = "gnu++0x";
				CLANG_CXX_LIBRARY = "libc++";
				CLANG_ENABLE_MODULES = YES;
				CLANG_ENABLE_OBJC_ARC = YES;
				CLANG_WARN_BOOL_CONVERSION = YES;
				CLANG_WARN_CONSTANT_CONVERSION = YES;
				CLANG_WARN_DIRECT_OBJC_ISA_USAGE = YES_ERROR;
				CLANG_WARN_DOCUMENTATION_COMMENTS = YES;
				CLANG_WARN_EMPTY_BODY = YES;
				CLANG_WARN_ENUM_CONVERSION = YES;
				CLANG_WARN_INFINITE_RECURSION = YES;
				CLANG_WARN_INT_CONVERSION = YES;
				CLANG_WARN_OBJC_ROOT_CLASS = YES_ERROR;
				CLANG_WARN_SUSPICIOUS_MOVE = YES;
				CLANG_WARN_UNREACHABLE_CODE = YES;
				CLANG_WARN__DUPLICATE_METHOD_MATCH = YES;
				"CODE_SIGN_IDENTITY[sdk=iphoneos*]" = "iPhone Developer";
				COPY_PHASE_STRIP = NO;
				DEBUG_INFORMATION_FORMAT = "dwarf-with-dsym";
				ENABLE_NS_ASSERTIONS = NO;
				ENABLE_STRICT_OBJC_MSGSEND = YES;
				GCC_C_LANGUAGE_STANDARD = gnu99;
				GCC_NO_COMMON_BLOCKS = YES;
				GCC_WARN_64_TO_32_BIT_CONVERSION = YES;
				GCC_WARN_ABOUT_RETURN_TYPE = YES_ERROR;
				GCC_WARN_UNDECLARED_SELECTOR = YES;
				GCC_WARN_UNINITIALIZED_AUTOS = YES_AGGRESSIVE;
				GCC_WARN_UNUSED_FUNCTION = YES;
				GCC_WARN_UNUSED_VARIABLE = YES;
				IPHONEOS_DEPLOYMENT_TARGET = 10.2;
				MTL_ENABLE_DEBUG_INFO = NO;
				SDKROOT = iphoneos;
				SWIFT_OPTIMIZATION_LEVEL = "-Owholemodule";
				VALIDATE_PRODUCT = YES;
			};
			name = Release;
		};
		4E44D44D1E4956CF006E31F8 /* Debug */ = {
			isa = XCBuildConfiguration;
			buildSettings = {
				ASSETCATALOG_COMPILER_APPICON_NAME = AppIcon;
				DEVELOPMENT_TEAM = 4Z8VLFZFRE;
				INFOPLIST_FILE = ProjectLogin/Info.plist;
				LD_RUNPATH_SEARCH_PATHS = "$(inherited) @executable_path/Frameworks";
				PRODUCT_BUNDLE_IDENTIFIER = com.donnit.FirstApp.ProjectLogin;
				PRODUCT_NAME = "$(TARGET_NAME)";
				SWIFT_VERSION = 3.0;
			};
			name = Debug;
		};
		4E44D44E1E4956CF006E31F8 /* Release */ = {
			isa = XCBuildConfiguration;
			buildSettings = {
				ASSETCATALOG_COMPILER_APPICON_NAME = AppIcon;
				DEVELOPMENT_TEAM = 4Z8VLFZFRE;
				INFOPLIST_FILE = ProjectLogin/Info.plist;
				LD_RUNPATH_SEARCH_PATHS = "$(inherited) @executable_path/Frameworks";
				PRODUCT_BUNDLE_IDENTIFIER = com.donnit.FirstApp.ProjectLogin;
				PRODUCT_NAME = "$(TARGET_NAME)";
				SWIFT_VERSION = 3.0;
			};
			name = Release;
		};
/* End XCBuildConfiguration section */

/* Begin XCConfigurationList section */
		4E44D4351E4956CF006E31F8 /* Build configuration list for PBXProject "ProjectLogin" */ = {
			isa = XCConfigurationList;
			buildConfigurations = (
				4E44D44A1E4956CF006E31F8 /* Debug */,
				4E44D44B1E4956CF006E31F8 /* Release */,
			);
			defaultConfigurationIsVisible = 0;
			defaultConfigurationName = Release;
		};
		4E44D44C1E4956CF006E31F8 /* Build configuration list for PBXNativeTarget "ProjectLogin" */ = {
			isa = XCConfigurationList;
			buildConfigurations = (
				4E44D44D1E4956CF006E31F8 /* Debug */,
				4E44D44E1E4956CF006E31F8 /* Release */,
			);
			defaultConfigurationIsVisible = 0;
		};
/* End XCConfigurationList section */
	};
	rootObject = 4E44D4321E4956CF006E31F8 /* Project object */;
}
